
Microsoft Visual Studio Solution File, Format Version 12.00
# Visual Studio Version 17
VisualStudioVersion = 17.11.35222.181
MinimumVisualStudioVersion = 10.0.40219.1
Project("{FAE04EC0-301F-11D3-BF4B-00C04F79EFBC}") = "J3P1_CSharpAdvanced_Herkansing", "J3P1_CSharpAdvanced_Herkansing.csproj", "{D745BBCE-674D-42D9-A0C8-3867A5C5A4EF}"
EndProject
Global
	GlobalSection(SolutionConfigurationPlatforms) = preSolution
		Debug|Any CPU = Debug|Any CPU
		Release|Any CPU = Release|Any CPU
	EndGlobalSection
	GlobalSection(ProjectConfigurationPlatforms) = postSolution
		{D745BBCE-674D-42D9-A0C8-3867A5C5A4EF}.Debug|Any CPU.ActiveCfg = Debug|Any CPU
		{D745BBCE-674D-42D9-A0C8-3867A5C5A4EF}.Debug|Any CPU.Build.0 = Debug|Any CPU
		{D745BBCE-674D-42D9-A0C8-3867A5C5A4EF}.Release|Any CPU.ActiveCfg = Release|Any CPU
		{D745BBCE-674D-42D9-A0C8-3867A5C5A4EF}.Release|Any CPU.Build.0 = Release|Any CPU
	EndGlobalSection
	GlobalSection(SolutionProperties) = preSolution
		HideSolutionNode = FALSE
	EndGlobalSection
	GlobalSection(ExtensibilityGlobals) = postSolution
		SolutionGuid = {FB1279F1-C54F-43AC-B974-D0F83295ABFC}
	EndGlobalSection
EndGlobal
